
Microsoft Visual Studio Solution File, Format Version 12.00
# Visual Studio 14
VisualStudioVersion = 14.0.25420.1
MinimumVisualStudioVersion = 10.0.40219.1
Project("{FAE04EC0-301F-11D3-BF4B-00C04F79EFBC}") = "engine-oil", "engine-oil\engine-oil.csproj", "{1D56C5D5-1E77-4272-AAC4-22107909FC2C}"
EndProject
Project("{FAE04EC0-301F-11D3-BF4B-00C04F79EFBC}") = "HMIControl", "HMIControl\HMIControl.csproj", "{F9F0BFA7-0C4A-4C8C-B81C-2A0477CBF637}"
EndProject
Global
	GlobalSection(SolutionConfigurationPlatforms) = preSolution
		Debug|Any CPU = Debug|Any CPU
		Release|Any CPU = Release|Any CPU
	EndGlobalSection
	GlobalSection(ProjectConfigurationPlatforms) = postSolution
		{1D56C5D5-1E77-4272-AAC4-22107909FC2C}.Debug|Any CPU.ActiveCfg = Debug|Any CPU
		{1D56C5D5-1E77-4272-AAC4-22107909FC2C}.Debug|Any CPU.Build.0 = Debug|Any CPU
		{1D56C5D5-1E77-4272-AAC4-22107909FC2C}.Release|Any CPU.ActiveCfg = Release|Any CPU
		{1D56C5D5-1E77-4272-AAC4-22107909FC2C}.Release|Any CPU.Build.0 = Release|Any CPU
		{F9F0BFA7-0C4A-4C8C-B81C-2A0477CBF637}.Debug|Any CPU.ActiveCfg = Debug|Any CPU
		{F9F0BFA7-0C4A-4C8C-B81C-2A0477CBF637}.Debug|Any CPU.Build.0 = Debug|Any CPU
		{F9F0BFA7-0C4A-4C8C-B81C-2A0477CBF637}.Release|Any CPU.ActiveCfg = Release|Any CPU
		{F9F0BFA7-0C4A-4C8C-B81C-2A0477CBF637}.Release|Any CPU.Build.0 = Release|Any CPU
	EndGlobalSection
	GlobalSection(SolutionProperties) = preSolution
		HideSolutionNode = FALSE
	EndGlobalSection
EndGlobal
